
Microsoft Visual Studio Solution File, Format Version 12.00
# Visual Studio Version 17
VisualStudioVersion = 17.9.34728.123
MinimumVisualStudioVersion = 10.0.40219.1
Project("{FAE04EC0-301F-11D3-BF4B-00C04F79EFBC}") = "HotelReservation.Entity", "HotelReservation.Entity\HotelReservation.Entity.csproj", "{14B81126-2C45-4930-AABC-7D1F38C38883}"
EndProject
Global
	GlobalSection(SolutionConfigurationPlatforms) = preSolution
		Debug|Any CPU = Debug|Any CPU
		Release|Any CPU = Release|Any CPU
	EndGlobalSection
	GlobalSection(ProjectConfigurationPlatforms) = postSolution
		{14B81126-2C45-4930-AABC-7D1F38C38883}.Debug|Any CPU.ActiveCfg = Debug|Any CPU
		{14B81126-2C45-4930-AABC-7D1F38C38883}.Debug|Any CPU.Build.0 = Debug|Any CPU
		{14B81126-2C45-4930-AABC-7D1F38C38883}.Release|Any CPU.ActiveCfg = Release|Any CPU
		{14B81126-2C45-4930-AABC-7D1F38C38883}.Release|Any CPU.Build.0 = Release|Any CPU
	EndGlobalSection
	GlobalSection(SolutionProperties) = preSolution
		HideSolutionNode = FALSE
	EndGlobalSection
	GlobalSection(ExtensibilityGlobals) = postSolution
		SolutionGuid = {B6B5B40E-5DC0-4B9A-8A78-B303F7908323}
	EndGlobalSection
EndGlobal
